<?xml version="1.0" encoding="utf-8"?>
<Project ToolsVersion="4.0" xmlns="http://schemas.microsoft.com/developer/msbuild/2003">
  <ItemGroup>
    <Filter Include="Source Files">
      <UniqueIdentifier>{4FC737F1-C7A5-4376-A066-2A32D752A2FF}</UniqueIdentifier>
      <Extensions>cpp;c;cc;cxx;c++;cppm;ixx;def;odl;idl;hpj;bat;asm;asmx</Extensions>
    </Filter>
    <Filter Include="Header Files">
      <UniqueIdentifier>{93995380-89BD-4b04-88EB-625FBE52EBFB}</UniqueIdentifier>
      <Extensions>h;hh;hpp;hxx;h++;hm;inl;inc;ipp;xsd</Extensions>
    </Filter>
    <Filter Include="Resource Files">
      <UniqueIdentifier>{67DA6AB6-F800-4c08-8B7A-83BB121AAD01}</UniqueIdentifier>
      <Extensions>rc;ico;cur;bmp;dlg;rc2;rct;bin;rgs;gif;jpg;jpeg;jpe;resx;tiff;tif;png;wav;mfcribbon-ms</Extensions>
    </Filter>
  </ItemGroup>
  <ItemGroup>
    <ClCompile Include="..\Assets\BambooTrackerInterface\Plugins\2608intf.c">
      <Filter>Source Files</Filter>
    </ClCompile>
    <ClCompile Include="..\Assets\BambooTrackerInterface\Plugins\abstract_instrument_property.cpp">
      <Filter>Source Files</Filter>
    </ClCompile>
    <ClCompile Include="..\Assets\BambooTrackerInterface\Plugins\BambooTrackerPlayer.cpp">
      <Filter>Source Files</Filter>
    </ClCompile>
    <ClCompile Include="..\Assets\BambooTrackerInterface\Plugins\binary_container.cpp">
      <Filter>Source Files</Filter>
    </ClCompile>
    <ClCompile Include="..\Assets\BambooTrackerInterface\Plugins\btm_io.cpp">
      <Filter>Source Files</Filter>
    </ClCompile>
    <ClCompile Include="..\Assets\BambooTrackerInterface\Plugins\c86ctl_wrapper.cpp">
      <Filter>Source Files</Filter>
    </ClCompile>
    <ClCompile Include="..\Assets\BambooTrackerInterface\Plugins\chip.cpp">
      <Filter>Source Files</Filter>
    </ClCompile>
    <ClCompile Include="..\Assets\BambooTrackerInterface\Plugins\configuration.cpp">
      <Filter>Source Files</Filter>
    </ClCompile>
    <ClCompile Include="..\Assets\BambooTrackerInterface\Plugins\effect.cpp">
      <Filter>Source Files</Filter>
    </ClCompile>
    <ClCompile Include="..\Assets\BambooTrackerInterface\Plugins\effect_iterator.cpp">
      <Filter>Source Files</Filter>
    </ClCompile>
    <ClCompile Include="..\Assets\BambooTrackerInterface\Plugins\emu2149.c">
      <Filter>Source Files</Filter>
    </ClCompile>
    <ClCompile Include="..\Assets\BambooTrackerInterface\Plugins\envelope_fm.cpp">
      <Filter>Source Files</Filter>
    </ClCompile>
    <ClCompile Include="..\Assets\BambooTrackerInterface\Plugins\fm.c">
      <Filter>Source Files</Filter>
    </ClCompile>
    <ClCompile Include="..\Assets\BambooTrackerInterface\Plugins\instrument.cpp">
      <Filter>Source Files</Filter>
    </ClCompile>
    <ClCompile Include="..\Assets\BambooTrackerInterface\Plugins\instruments_manager.cpp">
      <Filter>Source Files</Filter>
    </ClCompile>
    <ClCompile Include="..\Assets\BambooTrackerInterface\Plugins\io_utils.cpp">
      <Filter>Source Files</Filter>
    </ClCompile>
    <ClCompile Include="..\Assets\BambooTrackerInterface\Plugins\jamming.cpp">
      <Filter>Source Files</Filter>
    </ClCompile>
    <ClCompile Include="..\Assets\BambooTrackerInterface\Plugins\lfo_fm.cpp">
      <Filter>Source Files</Filter>
    </ClCompile>
    <ClCompile Include="..\Assets\BambooTrackerInterface\Plugins\module.cpp">
      <Filter>Source Files</Filter>
    </ClCompile>
    <ClCompile Include="..\Assets\BambooTrackerInterface\Plugins\module_io.cpp">
      <Filter>Source Files</Filter>
    </ClCompile>
    <ClCompile Include="..\Assets\BambooTrackerInterface\Plugins\note.cpp">
      <Filter>Source Files</Filter>
    </ClCompile>
    <ClCompile Include="..\Assets\BambooTrackerInterface\Plugins\nuke2608intf.c">
      <Filter>Source Files</Filter>
    </ClCompile>
    <ClCompile Include="..\Assets\BambooTrackerInterface\Plugins\opna.cpp">
      <Filter>Source Files</Filter>
    </ClCompile>
    <ClCompile Include="..\Assets\BambooTrackerInterface\Plugins\opna_controller.cpp">
      <Filter>Source Files</Filter>
    </ClCompile>
    <ClCompile Include="..\Assets\BambooTrackerInterface\Plugins\pattern.cpp">
      <Filter>Source Files</Filter>
    </ClCompile>
    <ClCompile Include="..\Assets\BambooTrackerInterface\Plugins\playback.cpp">
      <Filter>Source Files</Filter>
    </ClCompile>
    <ClCompile Include="..\Assets\BambooTrackerInterface\Plugins\precise_timer.cpp">
      <Filter>Source Files</Filter>
    </ClCompile>
    <ClCompile Include="..\Assets\BambooTrackerInterface\Plugins\resampler.cpp">
      <Filter>Source Files</Filter>
    </ClCompile>
    <ClCompile Include="..\Assets\BambooTrackerInterface\Plugins\sample_adpcm.cpp">
      <Filter>Source Files</Filter>
    </ClCompile>
    <ClCompile Include="..\Assets\BambooTrackerInterface\Plugins\sequence_property.cpp">
      <Filter>Source Files</Filter>
    </ClCompile>
    <ClCompile Include="..\Assets\BambooTrackerInterface\Plugins\song.cpp">
      <Filter>Source Files</Filter>
    </ClCompile>
    <ClCompile Include="..\Assets\BambooTrackerInterface\Plugins\step.cpp">
      <Filter>Source Files</Filter>
    </ClCompile>
    <ClCompile Include="..\Assets\BambooTrackerInterface\Plugins\tick_counter.cpp">
      <Filter>Source Files</Filter>
    </ClCompile>
    <ClCompile Include="..\Assets\BambooTrackerInterface\Plugins\track.cpp">
      <Filter>Source Files</Filter>
    </ClCompile>
    <ClCompile Include="..\Assets\BambooTrackerInterface\Plugins\wav_container.cpp">
      <Filter>Source Files</Filter>
    </ClCompile>
    <ClCompile Include="..\Assets\BambooTrackerInterface\Plugins\ym3438.c">
      <Filter>Source Files</Filter>
    </ClCompile>
    <ClCompile Include="..\Assets\BambooTrackerInterface\Plugins\ymdeltat.c">
      <Filter>Source Files</Filter>
    </ClCompile>
  </ItemGroup>
  <ItemGroup>
    <ClInclude Include="..\Assets\BambooTrackerInterface\Plugins\2608intf.h">
      <Filter>Header Files</Filter>
    </ClInclude>
    <ClInclude Include="..\Assets\BambooTrackerInterface\Plugins\abstract_instrument_property.h">
      <Filter>Header Files</Filter>
    </ClInclude>
    <ClInclude Include="..\Assets\BambooTrackerInterface\Plugins\bamboo_tracker.h">
      <Filter>Header Files</Filter>
    </ClInclude>
    <ClInclude Include="..\Assets\BambooTrackerInterface\Plugins\bamboo_tracker_defs.h">
      <Filter>Header Files</Filter>
    </ClInclude>
    <ClInclude Include="..\Assets\BambooTrackerInterface\Plugins\BambooTrackerPlayer.h">
      <Filter>Header Files</Filter>
    </ClInclude>
    <ClInclude Include="..\Assets\BambooTrackerInterface\Plugins\binary_container.h">
      <Filter>Header Files</Filter>
    </ClInclude>
    <ClInclude Include="..\Assets\BambooTrackerInterface\Plugins\btm_io.h">
      <Filter>Header Files</Filter>
    </ClInclude>
    <ClInclude Include="..\Assets\BambooTrackerInterface\Plugins\c86ctl.h">
      <Filter>Header Files</Filter>
    </ClInclude>
    <ClInclude Include="..\Assets\BambooTrackerInterface\Plugins\c86ctl_wrapper.h">
      <Filter>Header Files</Filter>
    </ClInclude>
    <ClInclude Include="..\Assets\BambooTrackerInterface\Plugins\chip.h">
      <Filter>Header Files</Filter>
    </ClInclude>
    <ClInclude Include="..\Assets\BambooTrackerInterface\Plugins\chip_def.h">
      <Filter>Header Files</Filter>
    </ClInclude>
    <ClInclude Include="..\Assets\BambooTrackerInterface\Plugins\configuration.h">
      <Filter>Header Files</Filter>
    </ClInclude>
    <ClInclude Include="..\Assets\BambooTrackerInterface\Plugins\echo_buffer.h">
      <Filter>Header Files</Filter>
    </ClInclude>
    <ClInclude Include="..\Assets\BambooTrackerInterface\Plugins\effect.h">
      <Filter>Header Files</Filter>
    </ClInclude>
    <ClInclude Include="..\Assets\BambooTrackerInterface\Plugins\effect_iterator.h">
      <Filter>Header Files</Filter>
    </ClInclude>
    <ClInclude Include="..\Assets\BambooTrackerInterface\Plugins\emu2149.h">
      <Filter>Header Files</Filter>
    </ClInclude>
    <ClInclude Include="..\Assets\BambooTrackerInterface\Plugins\emutypes.h">
      <Filter>Header Files</Filter>
    </ClInclude>
    <ClInclude Include="..\Assets\BambooTrackerInterface\Plugins\enum_hash.h">
      <Filter>Header Files</Filter>
    </ClInclude>
    <ClInclude Include="..\Assets\BambooTrackerInterface\Plugins\envelope_fm.h">
      <Filter>Header Files</Filter>
    </ClInclude>
    <ClInclude Include="..\Assets\BambooTrackerInterface\Plugins\file_io_error.h">
      <Filter>Header Files</Filter>
    </ClInclude>
    <ClInclude Include="..\Assets\BambooTrackerInterface\Plugins\fm.h">
      <Filter>Header Files</Filter>
    </ClInclude>
    <ClInclude Include="..\Assets\BambooTrackerInterface\Plugins\instrument.h">
      <Filter>Header Files</Filter>
    </ClInclude>
    <ClInclude Include="..\Assets\BambooTrackerInterface\Plugins\instrument_property_defs.h">
      <Filter>Header Files</Filter>
    </ClInclude>
    <ClInclude Include="..\Assets\BambooTrackerInterface\Plugins\instruments_manager.h">
      <Filter>Header Files</Filter>
    </ClInclude>
    <ClInclude Include="..\Assets\BambooTrackerInterface\Plugins\io_file_type.h">
      <Filter>Header Files</Filter>
    </ClInclude>
    <ClInclude Include="..\Assets\BambooTrackerInterface\Plugins\io_utils.h">
      <Filter>Header Files</Filter>
    </ClInclude>
    <ClInclude Include="..\Assets\BambooTrackerInterface\Plugins\jamming.h">
      <Filter>Header Files</Filter>
    </ClInclude>
    <ClInclude Include="..\Assets\BambooTrackerInterface\Plugins\lfo_fm.h">
      <Filter>Header Files</Filter>
    </ClInclude>
    <ClInclude Include="..\Assets\BambooTrackerInterface\Plugins\mamedef.h">
      <Filter>Header Files</Filter>
    </ClInclude>
    <ClInclude Include="..\Assets\BambooTrackerInterface\Plugins\module.h">
      <Filter>Header Files</Filter>
    </ClInclude>
    <ClInclude Include="..\Assets\BambooTrackerInterface\Plugins\module_io.h">
      <Filter>Header Files</Filter>
    </ClInclude>
    <ClInclude Include="..\Assets\BambooTrackerInterface\Plugins\note.h">
      <Filter>Header Files</Filter>
    </ClInclude>
    <ClInclude Include="..\Assets\BambooTrackerInterface\Plugins\nuke2608intf.h">
      <Filter>Header Files</Filter>
    </ClInclude>
    <ClInclude Include="..\Assets\BambooTrackerInterface\Plugins\opna.h">
      <Filter>Header Files</Filter>
    </ClInclude>
    <ClInclude Include="..\Assets\BambooTrackerInterface\Plugins\opna_controller.h">
      <Filter>Header Files</Filter>
    </ClInclude>
    <ClInclude Include="..\Assets\BambooTrackerInterface\Plugins\pattern.h">
      <Filter>Header Files</Filter>
    </ClInclude>
    <ClInclude Include="..\Assets\BambooTrackerInterface\Plugins\playback.h">
      <Filter>Header Files</Filter>
    </ClInclude>
    <ClInclude Include="..\Assets\BambooTrackerInterface\Plugins\precise_timer.h">
      <Filter>Header Files</Filter>
    </ClInclude>
    <ClInclude Include="..\Assets\BambooTrackerInterface\Plugins\resampler.h">
      <Filter>Header Files</Filter>
    </ClInclude>
    <ClInclude Include="..\Assets\BambooTrackerInterface\Plugins\sample_adpcm.h">
      <Filter>Header Files</Filter>
    </ClInclude>
    <ClInclude Include="..\Assets\BambooTrackerInterface\Plugins\scci.h">
      <Filter>Header Files</Filter>
    </ClInclude>
    <ClInclude Include="..\Assets\BambooTrackerInterface\Plugins\SCCIDefines.h">
      <Filter>Header Files</Filter>
    </ClInclude>
    <ClInclude Include="..\Assets\BambooTrackerInterface\Plugins\sequence_iterator_interface.h">
      <Filter>Header Files</Filter>
    </ClInclude>
    <ClInclude Include="..\Assets\BambooTrackerInterface\Plugins\sequence_property.h">
      <Filter>Header Files</Filter>
    </ClInclude>
    <ClInclude Include="..\Assets\BambooTrackerInterface\Plugins\song.h">
      <Filter>Header Files</Filter>
    </ClInclude>
    <ClInclude Include="..\Assets\BambooTrackerInterface\Plugins\step.h">
      <Filter>Header Files</Filter>
    </ClInclude>
    <ClInclude Include="..\Assets\BambooTrackerInterface\Plugins\tick_counter.h">
      <Filter>Header Files</Filter>
    </ClInclude>
    <ClInclude Include="..\Assets\BambooTrackerInterface\Plugins\track.h">
      <Filter>Header Files</Filter>
    </ClInclude>
    <ClInclude Include="..\Assets\BambooTrackerInterface\Plugins\utils.h">
      <Filter>Header Files</Filter>
    </ClInclude>
    <ClInclude Include="..\Assets\BambooTrackerInterface\Plugins\version.h">
      <Filter>Header Files</Filter>
    </ClInclude>
    <ClInclude Include="..\Assets\BambooTrackerInterface\Plugins\wav_container.h">
      <Filter>Header Files</Filter>
    </ClInclude>
    <ClInclude Include="..\Assets\BambooTrackerInterface\Plugins\ym3438.h">
      <Filter>Header Files</Filter>
    </ClInclude>
    <ClInclude Include="..\Assets\BambooTrackerInterface\Plugins\ymb_codec.h">
      <Filter>Header Files</Filter>
    </ClInclude>
    <ClInclude Include="..\Assets\BambooTrackerInterface\Plugins\ymdeltat.h">
      <Filter>Header Files</Filter>
    </ClInclude>
  </ItemGroup>
</Project>