<?xml version="1.0" encoding="utf-8"?>
<Project ToolsVersion="4.0" xmlns="http://schemas.microsoft.com/developer/msbuild/2003">
  <ItemGroup>
    <ClCompile Include="..\Assets\BambooTrackerInterface\Plugins\abstract_instrument_property.cpp" />
    <ClCompile Include="..\Assets\BambooTrackerInterface\Plugins\BambooTrackerPlayer.cpp" />
    <ClCompile Include="..\Assets\BambooTrackerInterface\Plugins\binary_container.cpp" />
    <ClCompile Include="..\Assets\BambooTrackerInterface\Plugins\btm_io.cpp" />
    <ClCompile Include="..\Assets\BambooTrackerInterface\Plugins\chip.cpp" />
    <ClCompile Include="..\Assets\BambooTrackerInterface\Plugins\effect.cpp" />
    <ClCompile Include="..\Assets\BambooTrackerInterface\Plugins\effect_iterator.cpp" />
    <ClCompile Include="..\Assets\BambooTrackerInterface\Plugins\envelope_fm.cpp" />
    <ClCompile Include="..\Assets\BambooTrackerInterface\Plugins\instrument.cpp" />
    <ClCompile Include="..\Assets\BambooTrackerInterface\Plugins\instruments_manager.cpp" />
    <ClCompile Include="..\Assets\BambooTrackerInterface\Plugins\io_utils.cpp" />
    <ClCompile Include="..\Assets\BambooTrackerInterface\Plugins\jamming.cpp" />
    <ClCompile Include="..\Assets\BambooTrackerInterface\Plugins\lfo_fm.cpp" />
    <ClCompile Include="..\Assets\BambooTrackerInterface\Plugins\module.cpp" />
    <ClCompile Include="..\Assets\BambooTrackerInterface\Plugins\module_io.cpp" />
    <ClCompile Include="..\Assets\BambooTrackerInterface\Plugins\note.cpp" />
    <ClCompile Include="..\Assets\BambooTrackerInterface\Plugins\opna.cpp" />
    <ClCompile Include="..\Assets\BambooTrackerInterface\Plugins\opna_controller.cpp" />
    <ClCompile Include="..\Assets\BambooTrackerInterface\Plugins\pattern.cpp" />
    <ClCompile Include="..\Assets\BambooTrackerInterface\Plugins\playback.cpp" />
    <ClCompile Include="..\Assets\BambooTrackerInterface\Plugins\precise_timer.cpp" />
    <ClCompile Include="..\Assets\BambooTrackerInterface\Plugins\resampler.cpp" />
    <ClCompile Include="..\Assets\BambooTrackerInterface\Plugins\sample_adpcm.cpp" />
    <ClCompile Include="..\Assets\BambooTrackerInterface\Plugins\sequence_property.cpp" />
    <ClCompile Include="..\Assets\BambooTrackerInterface\Plugins\song.cpp" />
    <ClCompile Include="..\Assets\BambooTrackerInterface\Plugins\step.cpp" />
    <ClCompile Include="..\Assets\BambooTrackerInterface\Plugins\tick_counter.cpp" />
    <ClCompile Include="..\Assets\BambooTrackerInterface\Plugins\track.cpp" />
    <ClCompile Include="..\Assets\BambooTrackerInterface\Plugins\wav_container.cpp" />
    <ClCompile Include="..\Assets\BambooTrackerInterface\Plugins\opnaymfm.cpp" />
    <ClCompile Include="..\Assets\BambooTrackerInterface\Plugins\ym2608_rhythm.cpp" />
    <ClCompile Include="..\Assets\BambooTrackerInterface\Plugins\ymfm_adpcm.cpp" />
    <ClCompile Include="..\Assets\BambooTrackerInterface\Plugins\ymfm_fm.cpp" />
    <ClCompile Include="..\Assets\BambooTrackerInterface\Plugins\ymfm_opn.cpp" />
    <ClCompile Include="..\Assets\BambooTrackerInterface\Plugins\ymfm_ssg.cpp" />
    <ClCompile Include="..\Assets\BambooTrackerInterface\Plugins\ymfmintf2608.cpp" />
  </ItemGroup>
  <ItemGroup>
    <ClInclude Include="..\Assets\BambooTrackerInterface\Plugins\abstract_instrument_property.h" />
    <ClInclude Include="..\Assets\BambooTrackerInterface\Plugins\bamboo_tracker_defs.h" />
    <ClInclude Include="..\Assets\BambooTrackerInterface\Plugins\BambooTrackerPlayer.h" />
    <ClInclude Include="..\Assets\BambooTrackerInterface\Plugins\binary_container.h" />
    <ClInclude Include="..\Assets\BambooTrackerInterface\Plugins\btm_io.h" />
    <ClInclude Include="..\Assets\BambooTrackerInterface\Plugins\chip.h" />
    <ClInclude Include="..\Assets\BambooTrackerInterface\Plugins\chip_def.h" />
    <ClInclude Include="..\Assets\BambooTrackerInterface\Plugins\echo_buffer.h" />
    <ClInclude Include="..\Assets\BambooTrackerInterface\Plugins\effect.h" />
    <ClInclude Include="..\Assets\BambooTrackerInterface\Plugins\effect_iterator.h" />
    <ClInclude Include="..\Assets\BambooTrackerInterface\Plugins\enum_hash.h" />
    <ClInclude Include="..\Assets\BambooTrackerInterface\Plugins\envelope_fm.h" />
    <ClInclude Include="..\Assets\BambooTrackerInterface\Plugins\file_io_error.h" />
    <ClInclude Include="..\Assets\BambooTrackerInterface\Plugins\instrument.h" />
    <ClInclude Include="..\Assets\BambooTrackerInterface\Plugins\instrument_property_defs.h" />
    <ClInclude Include="..\Assets\BambooTrackerInterface\Plugins\instruments_manager.h" />
    <ClInclude Include="..\Assets\BambooTrackerInterface\Plugins\io_file_type.h" />
    <ClInclude Include="..\Assets\BambooTrackerInterface\Plugins\io_utils.h" />
    <ClInclude Include="..\Assets\BambooTrackerInterface\Plugins\jamming.h" />
    <ClInclude Include="..\Assets\BambooTrackerInterface\Plugins\lfo_fm.h" />
    <ClInclude Include="..\Assets\BambooTrackerInterface\Plugins\module.h" />
    <ClInclude Include="..\Assets\BambooTrackerInterface\Plugins\module_io.h" />
    <ClInclude Include="..\Assets\BambooTrackerInterface\Plugins\note.h" />
    <ClInclude Include="..\Assets\BambooTrackerInterface\Plugins\opna.h" />
    <ClInclude Include="..\Assets\BambooTrackerInterface\Plugins\opna_controller.h" />
    <ClInclude Include="..\Assets\BambooTrackerInterface\Plugins\pattern.h" />
    <ClInclude Include="..\Assets\BambooTrackerInterface\Plugins\playback.h" />
    <ClInclude Include="..\Assets\BambooTrackerInterface\Plugins\precise_timer.h" />
    <ClInclude Include="..\Assets\BambooTrackerInterface\Plugins\resampler.h" />
    <ClInclude Include="..\Assets\BambooTrackerInterface\Plugins\sample_adpcm.h" />
    <ClInclude Include="..\Assets\BambooTrackerInterface\Plugins\sequence_iterator_interface.h" />
    <ClInclude Include="..\Assets\BambooTrackerInterface\Plugins\sequence_property.h" />
    <ClInclude Include="..\Assets\BambooTrackerInterface\Plugins\song.h" />
    <ClInclude Include="..\Assets\BambooTrackerInterface\Plugins\step.h" />
    <ClInclude Include="..\Assets\BambooTrackerInterface\Plugins\tick_counter.h" />
    <ClInclude Include="..\Assets\BambooTrackerInterface\Plugins\track.h" />
    <ClInclude Include="..\Assets\BambooTrackerInterface\Plugins\utils.h" />
    <ClInclude Include="..\Assets\BambooTrackerInterface\Plugins\version.h" />
    <ClInclude Include="..\Assets\BambooTrackerInterface\Plugins\wav_container.h" />
    <ClInclude Include="..\Assets\BambooTrackerInterface\Plugins\opnaymfm.h" />
    <ClInclude Include="..\Assets\BambooTrackerInterface\Plugins\ym2608_rhythm.h" />
    <ClInclude Include="..\Assets\BambooTrackerInterface\Plugins\ymfm.h" />
    <ClInclude Include="..\Assets\BambooTrackerInterface\Plugins\ymfm_adpcm.h" />
    <ClInclude Include="..\Assets\BambooTrackerInterface\Plugins\ymfm_fm.h" />
    <ClInclude Include="..\Assets\BambooTrackerInterface\Plugins\ymfm_opn.h" />
    <ClInclude Include="..\Assets\BambooTrackerInterface\Plugins\ymfm_ssg.h" />
    <ClInclude Include="..\Assets\BambooTrackerInterface\Plugins\ymfmintf2608.h" />
  </ItemGroup>
</Project>